
Microsoft Visual Studio Solution File, Format Version 12.00
# Visual Studio Version 16
VisualStudioVersion = 16.0.28917.181
MinimumVisualStudioVersion = 10.0.40219.1
Project("{9A19103F-16F7-4668-BE54-9A1E7A4F7556}") = "RPS.Front", "Rock-paper-scissors\RPS.Front.csproj", "{D0EE1B01-4926-4BBB-9503-597BC5FB1F73}"
EndProject
Project("{9A19103F-16F7-4668-BE54-9A1E7A4F7556}") = "RPS", "Logic\RPS.csproj", "{AE4B607E-A0FE-4B5C-B788-9CCEF72E8D18}"
EndProject
Global
	GlobalSection(SolutionConfigurationPlatforms) = preSolution
		Debug|Any CPU = Debug|Any CPU
		Release|Any CPU = Release|Any CPU
	EndGlobalSection
	GlobalSection(ProjectConfigurationPlatforms) = postSolution
		{D0EE1B01-4926-4BBB-9503-597BC5FB1F73}.Debug|Any CPU.ActiveCfg = Debug|Any CPU
		{D0EE1B01-4926-4BBB-9503-597BC5FB1F73}.Debug|Any CPU.Build.0 = Debug|Any CPU
		{D0EE1B01-4926-4BBB-9503-597BC5FB1F73}.Release|Any CPU.ActiveCfg = Release|Any CPU
		{D0EE1B01-4926-4BBB-9503-597BC5FB1F73}.Release|Any CPU.Build.0 = Release|Any CPU
		{AE4B607E-A0FE-4B5C-B788-9CCEF72E8D18}.Debug|Any CPU.ActiveCfg = Debug|Any CPU
		{AE4B607E-A0FE-4B5C-B788-9CCEF72E8D18}.Debug|Any CPU.Build.0 = Debug|Any CPU
		{AE4B607E-A0FE-4B5C-B788-9CCEF72E8D18}.Release|Any CPU.ActiveCfg = Release|Any CPU
		{AE4B607E-A0FE-4B5C-B788-9CCEF72E8D18}.Release|Any CPU.Build.0 = Release|Any CPU
	EndGlobalSection
	GlobalSection(SolutionProperties) = preSolution
		HideSolutionNode = FALSE
	EndGlobalSection
	GlobalSection(ExtensibilityGlobals) = postSolution
		SolutionGuid = {F180D208-2C45-43B3-9686-9061B168DED6}
	EndGlobalSection
EndGlobal
